
Microsoft Visual Studio Solution File, Format Version 12.00
# Visual Studio Version 17
VisualStudioVersion = 17.5.33516.290
MinimumVisualStudioVersion = 10.0.40219.1
Project("{9A19103F-16F7-4668-BE54-9A1E7A4F7556}") = "MLicensemanager.BusinessCore", "MLicensemanager.BusinessCore\MLicensemanager.BusinessCore.csproj", "{D1FC92F4-8621-4056-9CB4-08B1C84C1BA0}"
EndProject
Project("{9A19103F-16F7-4668-BE54-9A1E7A4F7556}") = "MLicensemanager.UseCases", "MLicensemanager.UseCases\MLicensemanager.UseCases.csproj", "{CB57D9D2-DD46-415C-B910-C077A90FA62C}"
EndProject
Project("{9A19103F-16F7-4668-BE54-9A1E7A4F7556}") = "MLicensemanager.BlazorUI", "MLicensemanager.BlazorUI\MLicensemanager.BlazorUI.csproj", "{FF374063-F99B-4E3F-8190-2BF9E220FE75}"
EndProject
Project("{2150E333-8FDC-42A3-9474-1A3956D46DE8}") = "Plugins", "Plugins", "{3A37082A-19DD-4232-B4BE-BDE8997427E7}"
EndProject
Project("{9A19103F-16F7-4668-BE54-9A1E7A4F7556}") = "MLicensemanager.SqlServerPlug", "MLicensemanager.SqlServerPlug\MLicensemanager.SqlServerPlug.csproj", "{0D7A7075-F84D-4615-9AB8-C3C898C4D034}"
EndProject
Project("{9A19103F-16F7-4668-BE54-9A1E7A4F7556}") = "TestMyFunctionsConsoleApp", "ConsoleApp2\TestMyFunctionsConsoleApp.csproj", "{8F50128C-080C-4A7C-B1C2-5E33A69DF410}"
EndProject
Project("{9A19103F-16F7-4668-BE54-9A1E7A4F7556}") = "MLicensemanager.ServiceCLS", "MLicensemanager.ServiceCLS\MLicensemanager.ServiceCLS.csproj", "{490BCBC4-7E76-41E0-AF09-576375596AD4}"
EndProject
Global
	GlobalSection(SolutionConfigurationPlatforms) = preSolution
		Debug|Any CPU = Debug|Any CPU
		Release|Any CPU = Release|Any CPU
	EndGlobalSection
	GlobalSection(ProjectConfigurationPlatforms) = postSolution
		{D1FC92F4-8621-4056-9CB4-08B1C84C1BA0}.Debug|Any CPU.ActiveCfg = Debug|Any CPU
		{D1FC92F4-8621-4056-9CB4-08B1C84C1BA0}.Debug|Any CPU.Build.0 = Debug|Any CPU
		{D1FC92F4-8621-4056-9CB4-08B1C84C1BA0}.Release|Any CPU.ActiveCfg = Release|Any CPU
		{D1FC92F4-8621-4056-9CB4-08B1C84C1BA0}.Release|Any CPU.Build.0 = Release|Any CPU
		{CB57D9D2-DD46-415C-B910-C077A90FA62C}.Debug|Any CPU.ActiveCfg = Debug|Any CPU
		{CB57D9D2-DD46-415C-B910-C077A90FA62C}.Debug|Any CPU.Build.0 = Debug|Any CPU
		{CB57D9D2-DD46-415C-B910-C077A90FA62C}.Release|Any CPU.ActiveCfg = Release|Any CPU
		{CB57D9D2-DD46-415C-B910-C077A90FA62C}.Release|Any CPU.Build.0 = Release|Any CPU
		{FF374063-F99B-4E3F-8190-2BF9E220FE75}.Debug|Any CPU.ActiveCfg = Debug|Any CPU
		{FF374063-F99B-4E3F-8190-2BF9E220FE75}.Debug|Any CPU.Build.0 = Debug|Any CPU
		{FF374063-F99B-4E3F-8190-2BF9E220FE75}.Release|Any CPU.ActiveCfg = Release|Any CPU
		{FF374063-F99B-4E3F-8190-2BF9E220FE75}.Release|Any CPU.Build.0 = Release|Any CPU
		{0D7A7075-F84D-4615-9AB8-C3C898C4D034}.Debug|Any CPU.ActiveCfg = Debug|Any CPU
		{0D7A7075-F84D-4615-9AB8-C3C898C4D034}.Debug|Any CPU.Build.0 = Debug|Any CPU
		{0D7A7075-F84D-4615-9AB8-C3C898C4D034}.Release|Any CPU.ActiveCfg = Release|Any CPU
		{0D7A7075-F84D-4615-9AB8-C3C898C4D034}.Release|Any CPU.Build.0 = Release|Any CPU
		{8F50128C-080C-4A7C-B1C2-5E33A69DF410}.Debug|Any CPU.ActiveCfg = Debug|Any CPU
		{8F50128C-080C-4A7C-B1C2-5E33A69DF410}.Debug|Any CPU.Build.0 = Debug|Any CPU
		{8F50128C-080C-4A7C-B1C2-5E33A69DF410}.Release|Any CPU.ActiveCfg = Release|Any CPU
		{8F50128C-080C-4A7C-B1C2-5E33A69DF410}.Release|Any CPU.Build.0 = Release|Any CPU
		{490BCBC4-7E76-41E0-AF09-576375596AD4}.Debug|Any CPU.ActiveCfg = Debug|Any CPU
		{490BCBC4-7E76-41E0-AF09-576375596AD4}.Debug|Any CPU.Build.0 = Debug|Any CPU
		{490BCBC4-7E76-41E0-AF09-576375596AD4}.Release|Any CPU.ActiveCfg = Release|Any CPU
		{490BCBC4-7E76-41E0-AF09-576375596AD4}.Release|Any CPU.Build.0 = Release|Any CPU
	EndGlobalSection
	GlobalSection(SolutionProperties) = preSolution
		HideSolutionNode = FALSE
	EndGlobalSection
	GlobalSection(NestedProjects) = preSolution
		{0D7A7075-F84D-4615-9AB8-C3C898C4D034} = {3A37082A-19DD-4232-B4BE-BDE8997427E7}
	EndGlobalSection
	GlobalSection(ExtensibilityGlobals) = postSolution
		SolutionGuid = {1006E686-6059-41D1-85F1-25B7FE5AEB1D}
	EndGlobalSection
EndGlobal
